
Microsoft Visual Studio Solution File, Format Version 12.00
# Visual Studio Version 17
VisualStudioVersion = 17.7.34031.279
MinimumVisualStudioVersion = 10.0.40219.1
Project("{FAE04EC0-301F-11D3-BF4B-00C04F79EFBC}") = "ConversorApp.Android", "ConversorApp\ConversorApp.Android\ConversorApp.Android.csproj", "{932049CB-53B4-401E-8046-BE841E2833C0}"
EndProject
Project("{FAE04EC0-301F-11D3-BF4B-00C04F79EFBC}") = "ConversorApp.iOS", "ConversorApp\ConversorApp.iOS\ConversorApp.iOS.csproj", "{C192579A-FB29-447B-BE85-465F191D6526}"
EndProject
Project("{FAE04EC0-301F-11D3-BF4B-00C04F79EFBC}") = "ConversorApp", "ConversorApp\ConversorApp\ConversorApp.csproj", "{2880AB6F-A7D1-481F-8004-BA2B65D0A679}"
EndProject
Global
	GlobalSection(SolutionConfigurationPlatforms) = preSolution
		Debug|Any CPU = Debug|Any CPU
		Debug|iPhone = Debug|iPhone
		Debug|iPhoneSimulator = Debug|iPhoneSimulator
		Release|Any CPU = Release|Any CPU
		Release|iPhone = Release|iPhone
		Release|iPhoneSimulator = Release|iPhoneSimulator
	EndGlobalSection
	GlobalSection(ProjectConfigurationPlatforms) = postSolution
		{932049CB-53B4-401E-8046-BE841E2833C0}.Debug|Any CPU.ActiveCfg = Debug|Any CPU
		{932049CB-53B4-401E-8046-BE841E2833C0}.Debug|Any CPU.Build.0 = Debug|Any CPU
		{932049CB-53B4-401E-8046-BE841E2833C0}.Debug|Any CPU.Deploy.0 = Debug|Any CPU
		{932049CB-53B4-401E-8046-BE841E2833C0}.Debug|iPhone.ActiveCfg = Debug|Any CPU
		{932049CB-53B4-401E-8046-BE841E2833C0}.Debug|iPhone.Build.0 = Debug|Any CPU
		{932049CB-53B4-401E-8046-BE841E2833C0}.Debug|iPhone.Deploy.0 = Debug|Any CPU
		{932049CB-53B4-401E-8046-BE841E2833C0}.Debug|iPhoneSimulator.ActiveCfg = Debug|Any CPU
		{932049CB-53B4-401E-8046-BE841E2833C0}.Debug|iPhoneSimulator.Build.0 = Debug|Any CPU
		{932049CB-53B4-401E-8046-BE841E2833C0}.Debug|iPhoneSimulator.Deploy.0 = Debug|Any CPU
		{932049CB-53B4-401E-8046-BE841E2833C0}.Release|Any CPU.ActiveCfg = Release|Any CPU
		{932049CB-53B4-401E-8046-BE841E2833C0}.Release|Any CPU.Build.0 = Release|Any CPU
		{932049CB-53B4-401E-8046-BE841E2833C0}.Release|Any CPU.Deploy.0 = Release|Any CPU
		{932049CB-53B4-401E-8046-BE841E2833C0}.Release|iPhone.ActiveCfg = Release|Any CPU
		{932049CB-53B4-401E-8046-BE841E2833C0}.Release|iPhone.Build.0 = Release|Any CPU
		{932049CB-53B4-401E-8046-BE841E2833C0}.Release|iPhone.Deploy.0 = Release|Any CPU
		{932049CB-53B4-401E-8046-BE841E2833C0}.Release|iPhoneSimulator.ActiveCfg = Release|Any CPU
		{932049CB-53B4-401E-8046-BE841E2833C0}.Release|iPhoneSimulator.Build.0 = Release|Any CPU
		{932049CB-53B4-401E-8046-BE841E2833C0}.Release|iPhoneSimulator.Deploy.0 = Release|Any CPU
		{C192579A-FB29-447B-BE85-465F191D6526}.Debug|Any CPU.ActiveCfg = Debug|iPhone
		{C192579A-FB29-447B-BE85-465F191D6526}.Debug|Any CPU.Build.0 = Debug|iPhone
		{C192579A-FB29-447B-BE85-465F191D6526}.Debug|Any CPU.Deploy.0 = Debug|iPhone
		{C192579A-FB29-447B-BE85-465F191D6526}.Debug|iPhone.ActiveCfg = Debug|iPhone
		{C192579A-FB29-447B-BE85-465F191D6526}.Debug|iPhone.Build.0 = Debug|iPhone
		{C192579A-FB29-447B-BE85-465F191D6526}.Debug|iPhone.Deploy.0 = Debug|iPhone
		{C192579A-FB29-447B-BE85-465F191D6526}.Debug|iPhoneSimulator.ActiveCfg = Debug|iPhoneSimulator
		{C192579A-FB29-447B-BE85-465F191D6526}.Debug|iPhoneSimulator.Build.0 = Debug|iPhoneSimulator
		{C192579A-FB29-447B-BE85-465F191D6526}.Debug|iPhoneSimulator.Deploy.0 = Debug|iPhoneSimulator
		{C192579A-FB29-447B-BE85-465F191D6526}.Release|Any CPU.ActiveCfg = Release|iPhoneSimulator
		{C192579A-FB29-447B-BE85-465F191D6526}.Release|Any CPU.Build.0 = Release|iPhoneSimulator
		{C192579A-FB29-447B-BE85-465F191D6526}.Release|Any CPU.Deploy.0 = Release|iPhoneSimulator
		{C192579A-FB29-447B-BE85-465F191D6526}.Release|iPhone.ActiveCfg = Release|iPhone
		{C192579A-FB29-447B-BE85-465F191D6526}.Release|iPhone.Build.0 = Release|iPhone
		{C192579A-FB29-447B-BE85-465F191D6526}.Release|iPhone.Deploy.0 = Release|iPhone
		{C192579A-FB29-447B-BE85-465F191D6526}.Release|iPhoneSimulator.ActiveCfg = Release|iPhoneSimulator
		{C192579A-FB29-447B-BE85-465F191D6526}.Release|iPhoneSimulator.Build.0 = Release|iPhoneSimulator
		{C192579A-FB29-447B-BE85-465F191D6526}.Release|iPhoneSimulator.Deploy.0 = Release|iPhoneSimulator
		{2880AB6F-A7D1-481F-8004-BA2B65D0A679}.Debug|Any CPU.ActiveCfg = Debug|Any CPU
		{2880AB6F-A7D1-481F-8004-BA2B65D0A679}.Debug|Any CPU.Build.0 = Debug|Any CPU
		{2880AB6F-A7D1-481F-8004-BA2B65D0A679}.Debug|Any CPU.Deploy.0 = Debug|Any CPU
		{2880AB6F-A7D1-481F-8004-BA2B65D0A679}.Debug|iPhone.ActiveCfg = Debug|Any CPU
		{2880AB6F-A7D1-481F-8004-BA2B65D0A679}.Debug|iPhone.Build.0 = Debug|Any CPU
		{2880AB6F-A7D1-481F-8004-BA2B65D0A679}.Debug|iPhone.Deploy.0 = Debug|Any CPU
		{2880AB6F-A7D1-481F-8004-BA2B65D0A679}.Debug|iPhoneSimulator.ActiveCfg = Debug|Any CPU
		{2880AB6F-A7D1-481F-8004-BA2B65D0A679}.Debug|iPhoneSimulator.Build.0 = Debug|Any CPU
		{2880AB6F-A7D1-481F-8004-BA2B65D0A679}.Debug|iPhoneSimulator.Deploy.0 = Debug|Any CPU
		{2880AB6F-A7D1-481F-8004-BA2B65D0A679}.Release|Any CPU.ActiveCfg = Release|Any CPU
		{2880AB6F-A7D1-481F-8004-BA2B65D0A679}.Release|Any CPU.Build.0 = Release|Any CPU
		{2880AB6F-A7D1-481F-8004-BA2B65D0A679}.Release|Any CPU.Deploy.0 = Release|Any CPU
		{2880AB6F-A7D1-481F-8004-BA2B65D0A679}.Release|iPhone.ActiveCfg = Release|Any CPU
		{2880AB6F-A7D1-481F-8004-BA2B65D0A679}.Release|iPhone.Build.0 = Release|Any CPU
		{2880AB6F-A7D1-481F-8004-BA2B65D0A679}.Release|iPhone.Deploy.0 = Release|Any CPU
		{2880AB6F-A7D1-481F-8004-BA2B65D0A679}.Release|iPhoneSimulator.ActiveCfg = Release|Any CPU
		{2880AB6F-A7D1-481F-8004-BA2B65D0A679}.Release|iPhoneSimulator.Build.0 = Release|Any CPU
		{2880AB6F-A7D1-481F-8004-BA2B65D0A679}.Release|iPhoneSimulator.Deploy.0 = Release|Any CPU
	EndGlobalSection
	GlobalSection(SolutionProperties) = preSolution
		HideSolutionNode = FALSE
	EndGlobalSection
	GlobalSection(ExtensibilityGlobals) = postSolution
		SolutionGuid = {CBB19126-51E7-4385-80AC-C399CB2E80A1}
	EndGlobalSection
EndGlobal
